
Microsoft Visual Studio Solution File, Format Version 12.00
# Visual Studio 2012
Project("{FAE04EC0-301F-11D3-BF4B-00C04F79EFBC}") = "Program", "Program\Program.csproj", "{C0798DF7-A224-43E0-93A1-7E59A185FBC0}"
EndProject
Global
	GlobalSection(SolutionConfigurationPlatforms) = preSolution
		Debug|Any CPU = Debug|Any CPU
		Release|Any CPU = Release|Any CPU
	EndGlobalSection
	GlobalSection(ProjectConfigurationPlatforms) = postSolution
		{C0798DF7-A224-43E0-93A1-7E59A185FBC0}.Debug|Any CPU.ActiveCfg = Debug|Any CPU
		{C0798DF7-A224-43E0-93A1-7E59A185FBC0}.Debug|Any CPU.Build.0 = Debug|Any CPU
		{C0798DF7-A224-43E0-93A1-7E59A185FBC0}.Release|Any CPU.ActiveCfg = Release|Any CPU
		{C0798DF7-A224-43E0-93A1-7E59A185FBC0}.Release|Any CPU.Build.0 = Release|Any CPU
	EndGlobalSection
	GlobalSection(SolutionProperties) = preSolution
		HideSolutionNode = FALSE
	EndGlobalSection
	GlobalSection(ExtensibilityGlobals) = postSolution
		VisualSVNWorkingCopyRoot = .
	EndGlobalSection
EndGlobal
